<?xml version="1.0" encoding="utf-8"?>
<Project ToolsVersion="4.0" xmlns="http://schemas.microsoft.com/developer/msbuild/2003">
  <ItemGroup>
    <Filter Include="Source Files">
      <UniqueIdentifier>{4FC737F1-C7A5-4376-A066-2A32D752A2FF}</UniqueIdentifier>
      <Extensions>cpp;c;cc;cxx;def;odl;idl;hpj;bat;asm;asmx</Extensions>
    </Filter>
    <Filter Include="Header Files">
      <UniqueIdentifier>{93995380-89BD-4b04-88EB-625FBE52EBFB}</UniqueIdentifier>
      <Extensions>h;hpp;hxx;hm;inl;inc;xsd</Extensions>
    </Filter>
    <Filter Include="Resource Files">
      <UniqueIdentifier>{67DA6AB6-F800-4c08-8B7A-83BB121AAD01}</UniqueIdentifier>
      <Extensions>rc;ico;cur;bmp;dlg;rc2;rct;bin;rgs;gif;jpg;jpeg;jpe;resx;tiff;tif;png;wav</Extensions>
    </Filter>
    <Filter Include="Header Files\sdl">
      <UniqueIdentifier>{f0b1eeb5-aaaa-4025-ac48-081bca30e39f}</UniqueIdentifier>
    </Filter>
    <Filter Include="Header Files\xlib">
      <UniqueIdentifier>{f48374f3-d4c9-47dd-abc9-6db225a95483}</UniqueIdentifier>
    </Filter>
  </ItemGroup>
  <ItemGroup>
    <ClCompile Include="..\..\repository\fsext.cpp">
      <Filter>Source Files</Filter>
    </ClCompile>
    <ClCompile Include="..\..\repository\olxvar.cpp">
      <Filter>Source Files</Filter>
    </ClCompile>
    <ClCompile Include="tests.cpp">
      <Filter>Source Files</Filter>
    </ClCompile>
    <ClCompile Include="..\..\repository\shellutil.cpp">
      <Filter>Source Files</Filter>
    </ClCompile>
    <ClCompile Include="..\..\repository\hkl_util.cpp">
      <Filter>Source Files</Filter>
    </ClCompile>
    <ClCompile Include="..\..\repository\refinement_listener.cpp">
      <Filter>Source Files</Filter>
    </ClCompile>
  </ItemGroup>
  <ItemGroup>
    <None Include="ReadMe.txt" />
  </ItemGroup>
  <ItemGroup>
    <ClInclude Include="..\..\sdl\tests\encoding_test.h">
      <Filter>Header Files\sdl</Filter>
    </ClInclude>
    <ClInclude Include="..\..\sdl\tests\file_test.h">
      <Filter>Header Files\sdl</Filter>
    </ClInclude>
    <ClInclude Include="..\..\sdl\tests\matrix_test.h">
      <Filter>Header Files\sdl</Filter>
    </ClInclude>
    <ClInclude Include="..\..\sdl\tests\sort_test.h">
      <Filter>Header Files\sdl</Filter>
    </ClInclude>
    <ClInclude Include="..\..\sdl\tests\spline_test.h">
      <Filter>Header Files\sdl</Filter>
    </ClInclude>
    <ClInclude Include="..\..\sdl\tests\string_test.h">
      <Filter>Header Files\sdl</Filter>
    </ClInclude>
    <ClInclude Include="..\..\sdl\tests\sys_test.h">
      <Filter>Header Files\sdl</Filter>
    </ClInclude>
    <ClInclude Include="..\..\xlib\tests\mat_id_test.h">
      <Filter>Header Files\xlib</Filter>
    </ClInclude>
    <ClInclude Include="..\..\xlib\tests\symmparser_test.h">
      <Filter>Header Files\xlib</Filter>
    </ClInclude>
    <ClInclude Include="..\..\xlib\tests\vcov_test.h">
      <Filter>Header Files\xlib</Filter>
    </ClInclude>
    <ClInclude Include="..\..\xlib\tests\cell_reduction_test.h">
      <Filter>Header Files\xlib</Filter>
    </ClInclude>
    <ClInclude Include="..\..\repository\tests\shellutil_test.h">
      <Filter>Header Files</Filter>
    </ClInclude>
    <ClInclude Include="..\..\sdl\tests\hashed_test.h">
      <Filter>Header Files\sdl</Filter>
    </ClInclude>
  </ItemGroup>
</Project>